<?xml version="1.0" encoding="utf-8"?>
<Project ToolsVersion="4.0" xmlns="http://schemas.microsoft.com/developer/msbuild/2003">
  <ItemGroup>
    <Filter Include="Source Files">
      <UniqueIdentifier>{4FC737F1-C7A5-4376-A066-2A32D752A2FF}</UniqueIdentifier>
      <Extensions>cpp;c;cc;cxx;def;odl;idl;hpj;bat;asm;asmx</Extensions>
    </Filter>
    <Filter Include="Header Files">
      <UniqueIdentifier>{93995380-89BD-4b04-88EB-625FBE52EBFB}</UniqueIdentifier>
      <Extensions>h;hh;hpp;hxx;hm;inl;inc;xsd</Extensions>
    </Filter>
    <Filter Include="Resource Files">
      <UniqueIdentifier>{67DA6AB6-F800-4c08-8B7A-83BB121AAD01}</UniqueIdentifier>
      <Extensions>rc;ico;cur;bmp;dlg;rc2;rct;bin;rgs;gif;jpg;jpeg;jpe;resx;tiff;tif;png;wav;mfcribbon-ms</Extensions>
    </Filter>
    <Filter Include="JsonCpp">
      <UniqueIdentifier>{449fe74c-c9d5-4894-ab66-632bed6e1382}</UniqueIdentifier>
    </Filter>
    <Filter Include="aip">
      <UniqueIdentifier>{4f44dd77-d47d-425f-94a4-274a9f8b3092}</UniqueIdentifier>
    </Filter>
  </ItemGroup>
  <ItemGroup>
    <Text Include="ReadMe.txt" />
    <Text Include="..\include\json\CMakeLists.txt">
      <Filter>JsonCpp</Filter>
    </Text>
  </ItemGroup>
  <ItemGroup>
    <ClInclude Include="UsePrscDLL.h">
      <Filter>Header Files</Filter>
    </ClInclude>
    <ClInclude Include="UsePrscDLLDlg.h">
      <Filter>Header Files</Filter>
    </ClInclude>
    <ClInclude Include="stdafx.h">
      <Filter>Header Files</Filter>
    </ClInclude>
    <ClInclude Include="targetver.h">
      <Filter>Header Files</Filter>
    </ClInclude>
    <ClInclude Include="Resource.h">
      <Filter>Header Files</Filter>
    </ClInclude>
    <ClInclude Include="..\include\aip-cpp-sdk-0.6.0\content_censor.h">
      <Filter>aip</Filter>
    </ClInclude>
    <ClInclude Include="..\include\aip-cpp-sdk-0.6.0\face.h">
      <Filter>aip</Filter>
    </ClInclude>
    <ClInclude Include="..\include\aip-cpp-sdk-0.6.0\image_classify.h">
      <Filter>aip</Filter>
    </ClInclude>
    <ClInclude Include="..\include\aip-cpp-sdk-0.6.0\image_search.h">
      <Filter>aip</Filter>
    </ClInclude>
    <ClInclude Include="..\include\aip-cpp-sdk-0.6.0\kg.h">
      <Filter>aip</Filter>
    </ClInclude>
    <ClInclude Include="..\include\aip-cpp-sdk-0.6.0\nlp.h">
      <Filter>aip</Filter>
    </ClInclude>
    <ClInclude Include="..\include\aip-cpp-sdk-0.6.0\ocr.h">
      <Filter>aip</Filter>
    </ClInclude>
    <ClInclude Include="..\include\aip-cpp-sdk-0.6.0\speech.h">
      <Filter>aip</Filter>
    </ClInclude>
    <ClInclude Include="..\include\aip-cpp-sdk-0.6.0\base\base.h">
      <Filter>aip</Filter>
    </ClInclude>
    <ClInclude Include="..\include\aip-cpp-sdk-0.6.0\base\base64.h">
      <Filter>aip</Filter>
    </ClInclude>
    <ClInclude Include="..\include\aip-cpp-sdk-0.6.0\base\http.h">
      <Filter>aip</Filter>
    </ClInclude>
    <ClInclude Include="..\include\aip-cpp-sdk-0.6.0\base\utils.h">
      <Filter>aip</Filter>
    </ClInclude>
    <ClInclude Include="..\include\json\allocator.h">
      <Filter>JsonCpp</Filter>
    </ClInclude>
    <ClInclude Include="..\include\json\assertions.h">
      <Filter>JsonCpp</Filter>
    </ClInclude>
    <ClInclude Include="..\include\json\autolink.h">
      <Filter>JsonCpp</Filter>
    </ClInclude>
    <ClInclude Include="..\include\json\config.h">
      <Filter>JsonCpp</Filter>
    </ClInclude>
    <ClInclude Include="..\include\json\features.h">
      <Filter>JsonCpp</Filter>
    </ClInclude>
    <ClInclude Include="..\include\json\forwards.h">
      <Filter>JsonCpp</Filter>
    </ClInclude>
    <ClInclude Include="..\include\json\json.h">
      <Filter>JsonCpp</Filter>
    </ClInclude>
    <ClInclude Include="..\include\json\json_tool.h">
      <Filter>JsonCpp</Filter>
    </ClInclude>
    <ClInclude Include="..\include\json\reader.h">
      <Filter>JsonCpp</Filter>
    </ClInclude>
    <ClInclude Include="..\include\json\value.h">
      <Filter>JsonCpp</Filter>
    </ClInclude>
    <ClInclude Include="..\include\json\version.h">
      <Filter>JsonCpp</Filter>
    </ClInclude>
    <ClInclude Include="..\include\json\writer.h">
      <Filter>JsonCpp</Filter>
    </ClInclude>
    <ClInclude Include="CurstomBaiDuIdDlg.h">
      <Filter>Header Files</Filter>
    </ClInclude>
  </ItemGroup>
  <ItemGroup>
    <ClCompile Include="UsePrscDLL.cpp">
      <Filter>Source Files</Filter>
    </ClCompile>
    <ClCompile Include="UsePrscDLLDlg.cpp">
      <Filter>Source Files</Filter>
    </ClCompile>
    <ClCompile Include="stdafx.cpp">
      <Filter>Source Files</Filter>
    </ClCompile>
    <ClCompile Include="..\include\json\json_reader.cpp">
      <Filter>JsonCpp</Filter>
    </ClCompile>
    <ClCompile Include="..\include\json\json_value.cpp">
      <Filter>JsonCpp</Filter>
    </ClCompile>
    <ClCompile Include="..\include\json\json_writer.cpp">
      <Filter>JsonCpp</Filter>
    </ClCompile>
    <ClCompile Include="CurstomBaiDuIdDlg.cpp">
      <Filter>Source Files</Filter>
    </ClCompile>
  </ItemGroup>
  <ItemGroup>
    <None Include="..\include\aip-cpp-sdk-0.6.0\README.md">
      <Filter>aip</Filter>
    </None>
    <None Include="..\include\json\json.pri">
      <Filter>JsonCpp</Filter>
    </None>
    <None Include="..\include\json\json_valueiterator.inl">
      <Filter>JsonCpp</Filter>
    </None>
    <None Include="..\include\json\version.h.in">
      <Filter>JsonCpp</Filter>
    </None>
    <None Include="res\UsePrscDLL.rc2">
      <Filter>Resource Files</Filter>
    </None>
  </ItemGroup>
  <ItemGroup>
    <ResourceCompile Include="UsePrscDLL.rc">
      <Filter>Resource Files</Filter>
    </ResourceCompile>
  </ItemGroup>
  <ItemGroup>
    <Image Include="res\dog.ico">
      <Filter>Resource Files</Filter>
    </Image>
  </ItemGroup>
</Project>